
Microsoft Visual Studio Solution File, Format Version 12.00
# Visual Studio Version 16
VisualStudioVersion = 16.0.30309.148
MinimumVisualStudioVersion = 10.0.40219.1
Project("{FAE04EC0-301F-11D3-BF4B-00C04F79EFBC}") = "Heap", "Heap\Heap.csproj", "{C0912BA8-EEAE-45C2-8CA7-8B532231B3C6}"
EndProject
Global
	GlobalSection(SolutionConfigurationPlatforms) = preSolution
		Debug|Any CPU = Debug|Any CPU
		Release|Any CPU = Release|Any CPU
	EndGlobalSection
	GlobalSection(ProjectConfigurationPlatforms) = postSolution
		{C0912BA8-EEAE-45C2-8CA7-8B532231B3C6}.Debug|Any CPU.ActiveCfg = Debug|Any CPU
		{C0912BA8-EEAE-45C2-8CA7-8B532231B3C6}.Debug|Any CPU.Build.0 = Debug|Any CPU
		{C0912BA8-EEAE-45C2-8CA7-8B532231B3C6}.Release|Any CPU.ActiveCfg = Release|Any CPU
		{C0912BA8-EEAE-45C2-8CA7-8B532231B3C6}.Release|Any CPU.Build.0 = Release|Any CPU
	EndGlobalSection
	GlobalSection(SolutionProperties) = preSolution
		HideSolutionNode = FALSE
	EndGlobalSection
	GlobalSection(ExtensibilityGlobals) = postSolution
		SolutionGuid = {4673156A-8319-4A69-9B41-B3DBE55D1DDB}
	EndGlobalSection
EndGlobal
