
Microsoft Visual Studio Solution File, Format Version 12.00
# Visual Studio Version 16
VisualStudioVersion = 16.0.30717.126
MinimumVisualStudioVersion = 10.0.40219.1
Project("{FAE04EC0-301F-11D3-BF4B-00C04F79EFBC}") = "Bloom Filter", "Bloom Filter\Bloom Filter.csproj", "{C20CCA40-AA89-42DB-A1AD-100873253EBD}"
EndProject
Global
	GlobalSection(SolutionConfigurationPlatforms) = preSolution
		Debug|Any CPU = Debug|Any CPU
		Release|Any CPU = Release|Any CPU
	EndGlobalSection
	GlobalSection(ProjectConfigurationPlatforms) = postSolution
		{C20CCA40-AA89-42DB-A1AD-100873253EBD}.Debug|Any CPU.ActiveCfg = Debug|Any CPU
		{C20CCA40-AA89-42DB-A1AD-100873253EBD}.Debug|Any CPU.Build.0 = Debug|Any CPU
		{C20CCA40-AA89-42DB-A1AD-100873253EBD}.Release|Any CPU.ActiveCfg = Release|Any CPU
		{C20CCA40-AA89-42DB-A1AD-100873253EBD}.Release|Any CPU.Build.0 = Release|Any CPU
	EndGlobalSection
	GlobalSection(SolutionProperties) = preSolution
		HideSolutionNode = FALSE
	EndGlobalSection
	GlobalSection(ExtensibilityGlobals) = postSolution
		SolutionGuid = {B928C56A-70E8-4DA0-B9AF-2392AD459088}
	EndGlobalSection
EndGlobal
