
Microsoft Visual Studio Solution File, Format Version 12.00
# Visual Studio Version 16
VisualStudioVersion = 16.0.30717.126
MinimumVisualStudioVersion = 10.0.40219.1
Project("{FAE04EC0-301F-11D3-BF4B-00C04F79EFBC}") = "LZ77 Compression", "LZ77 Compression\LZ77 Compression.csproj", "{6079914E-D521-4642-B945-25C09C004307}"
EndProject
Global
	GlobalSection(SolutionConfigurationPlatforms) = preSolution
		Debug|Any CPU = Debug|Any CPU
		Release|Any CPU = Release|Any CPU
	EndGlobalSection
	GlobalSection(ProjectConfigurationPlatforms) = postSolution
		{6079914E-D521-4642-B945-25C09C004307}.Debug|Any CPU.ActiveCfg = Debug|Any CPU
		{6079914E-D521-4642-B945-25C09C004307}.Debug|Any CPU.Build.0 = Debug|Any CPU
		{6079914E-D521-4642-B945-25C09C004307}.Release|Any CPU.ActiveCfg = Release|Any CPU
		{6079914E-D521-4642-B945-25C09C004307}.Release|Any CPU.Build.0 = Release|Any CPU
	EndGlobalSection
	GlobalSection(SolutionProperties) = preSolution
		HideSolutionNode = FALSE
	EndGlobalSection
	GlobalSection(ExtensibilityGlobals) = postSolution
		SolutionGuid = {6D942948-98B3-438A-8272-1CD34A3A581F}
	EndGlobalSection
EndGlobal
